
Microsoft Visual Studio Solution File, Format Version 12.00
# Visual Studio Version 16
VisualStudioVersion = 16.0.30114.105
MinimumVisualStudioVersion = 10.0.40219.1
Project("{FAE04EC0-301F-11D3-BF4B-00C04F79EFBC}") = "Memory", "Memory\Memory.csproj", "{A2EC7F89-52B4-4370-9971-D2E973185FF2}"
EndProject
Global
	GlobalSection(SolutionConfigurationPlatforms) = preSolution
		Debug|Any CPU = Debug|Any CPU
		Release|Any CPU = Release|Any CPU
	EndGlobalSection
	GlobalSection(ProjectConfigurationPlatforms) = postSolution
		{A2EC7F89-52B4-4370-9971-D2E973185FF2}.Debug|Any CPU.ActiveCfg = Debug|Any CPU
		{A2EC7F89-52B4-4370-9971-D2E973185FF2}.Debug|Any CPU.Build.0 = Debug|Any CPU
		{A2EC7F89-52B4-4370-9971-D2E973185FF2}.Release|Any CPU.ActiveCfg = Release|Any CPU
		{A2EC7F89-52B4-4370-9971-D2E973185FF2}.Release|Any CPU.Build.0 = Release|Any CPU
	EndGlobalSection
	GlobalSection(SolutionProperties) = preSolution
		HideSolutionNode = FALSE
	EndGlobalSection
	GlobalSection(ExtensibilityGlobals) = postSolution
		SolutionGuid = {C019E11A-9AEE-4DEB-9ACF-7BFD47E33AA8}
	EndGlobalSection
EndGlobal
